
Microsoft Visual Studio Solution File, Format Version 12.00
# Visual Studio 14
VisualStudioVersion = 14.0.23107.0
MinimumVisualStudioVersion = 10.0.40219.1
Project("{FAE04EC0-301F-11D3-BF4B-00C04F79EFBC}") = "CodingMarketPlace", "CodingMarketPlace\CodingMarketPlace.csproj", "{941AC90F-8199-4CEA-A875-1C97A5932CBD}"
EndProject
Global
	GlobalSection(SolutionConfigurationPlatforms) = preSolution
		Debug|Any CPU = Debug|Any CPU
		Release|Any CPU = Release|Any CPU
	EndGlobalSection
	GlobalSection(ProjectConfigurationPlatforms) = postSolution
		{941AC90F-8199-4CEA-A875-1C97A5932CBD}.Debug|Any CPU.ActiveCfg = Debug|Any CPU
		{941AC90F-8199-4CEA-A875-1C97A5932CBD}.Debug|Any CPU.Build.0 = Debug|Any CPU
		{941AC90F-8199-4CEA-A875-1C97A5932CBD}.Release|Any CPU.ActiveCfg = Release|Any CPU
		{941AC90F-8199-4CEA-A875-1C97A5932CBD}.Release|Any CPU.Build.0 = Release|Any CPU
	EndGlobalSection
	GlobalSection(SolutionProperties) = preSolution
		HideSolutionNode = FALSE
	EndGlobalSection
EndGlobal
